
Microsoft Visual Studio Solution File, Format Version 12.00
# Visual Studio Version 16
VisualStudioVersion = 16.0.31402.337
MinimumVisualStudioVersion = 10.0.40219.1
Project("{FAE04EC0-301F-11D3-BF4B-00C04F79EFBC}") = "FarmHouseRedone", "FarmHouseRedone\FarmHouseRedone.csproj", "{C55A767A-EE64-4679-8FF1-8E4CA0CAE9B6}"
EndProject
Global
	GlobalSection(SolutionConfigurationPlatforms) = preSolution
		Debug|Any CPU = Debug|Any CPU
		Release|Any CPU = Release|Any CPU
	EndGlobalSection
	GlobalSection(ProjectConfigurationPlatforms) = postSolution
		{C55A767A-EE64-4679-8FF1-8E4CA0CAE9B6}.Debug|Any CPU.ActiveCfg = Debug|Any CPU
		{C55A767A-EE64-4679-8FF1-8E4CA0CAE9B6}.Debug|Any CPU.Build.0 = Debug|Any CPU
		{C55A767A-EE64-4679-8FF1-8E4CA0CAE9B6}.Release|Any CPU.ActiveCfg = Release|Any CPU
		{C55A767A-EE64-4679-8FF1-8E4CA0CAE9B6}.Release|Any CPU.Build.0 = Release|Any CPU
	EndGlobalSection
	GlobalSection(SolutionProperties) = preSolution
		HideSolutionNode = FALSE
	EndGlobalSection
	GlobalSection(ExtensibilityGlobals) = postSolution
		SolutionGuid = {B04792EF-A90B-4B37-88E9-9D83F2FA95F0}
	EndGlobalSection
EndGlobal
